
Microsoft Visual Studio Solution File, Format Version 12.00
# Visual Studio 15
VisualStudioVersion = 15.0.27130.2010
MinimumVisualStudioVersion = 10.0.40219.1
Project("{FAE04EC0-301F-11D3-BF4B-00C04F79EFBC}") = "KLG", "KLG\KLG.csproj", "{A0016980-04AB-42E3-8842-6A3361EC30B7}"
EndProject
Global
	GlobalSection(SolutionConfigurationPlatforms) = preSolution
		Debug|Any CPU = Debug|Any CPU
		Release|Any CPU = Release|Any CPU
	EndGlobalSection
	GlobalSection(ProjectConfigurationPlatforms) = postSolution
		{A0016980-04AB-42E3-8842-6A3361EC30B7}.Debug|Any CPU.ActiveCfg = Debug|Any CPU
		{A0016980-04AB-42E3-8842-6A3361EC30B7}.Debug|Any CPU.Build.0 = Debug|Any CPU
		{A0016980-04AB-42E3-8842-6A3361EC30B7}.Release|Any CPU.ActiveCfg = Release|Any CPU
		{A0016980-04AB-42E3-8842-6A3361EC30B7}.Release|Any CPU.Build.0 = Release|Any CPU
	EndGlobalSection
	GlobalSection(SolutionProperties) = preSolution
		HideSolutionNode = FALSE
	EndGlobalSection
	GlobalSection(ExtensibilityGlobals) = postSolution
		SolutionGuid = {51DD27D4-C05A-426C-821D-B089D201E2A8}
	EndGlobalSection
EndGlobal
